
Microsoft Visual Studio Solution File, Format Version 12.00
# Visual Studio Version 16
VisualStudioVersion = 16.0.30128.74
MinimumVisualStudioVersion = 10.0.40219.1
Project("{FAE04EC0-301F-11D3-BF4B-00C04F79EFBC}") = "CompileLinkDemo", "CompileLinkDemo.csproj", "{2DEF8E45-8420-436A-B422-DEA94BCF5E1C}"
EndProject
Global
	GlobalSection(SolutionConfigurationPlatforms) = preSolution
		Debug|Any CPU = Debug|Any CPU
		Release|Any CPU = Release|Any CPU
	EndGlobalSection
	GlobalSection(ProjectConfigurationPlatforms) = postSolution
		{2DEF8E45-8420-436A-B422-DEA94BCF5E1C}.Debug|Any CPU.ActiveCfg = Debug|Any CPU
		{2DEF8E45-8420-436A-B422-DEA94BCF5E1C}.Debug|Any CPU.Build.0 = Debug|Any CPU
		{2DEF8E45-8420-436A-B422-DEA94BCF5E1C}.Release|Any CPU.ActiveCfg = Release|Any CPU
		{2DEF8E45-8420-436A-B422-DEA94BCF5E1C}.Release|Any CPU.Build.0 = Release|Any CPU
	EndGlobalSection
	GlobalSection(SolutionProperties) = preSolution
		HideSolutionNode = FALSE
	EndGlobalSection
	GlobalSection(ExtensibilityGlobals) = postSolution
		SolutionGuid = {70E0AF25-8063-4B34-AC69-5199B4F74E6D}
	EndGlobalSection
EndGlobal
